
Microsoft Visual Studio Solution File, Format Version 12.00
# Visual Studio Version 17
VisualStudioVersion = 17.0.31919.166
MinimumVisualStudioVersion = 10.0.40219.1
Project("{9A19103F-16F7-4668-BE54-9A1E7A4F7556}") = "RPLP.MVC", "RPLP.MVC\RPLP.MVC.csproj", "{DFDB9721-15D2-4FBF-BFA0-C8DB37843FD3}"
EndProject
Project("{9A19103F-16F7-4668-BE54-9A1E7A4F7556}") = "RPLP.API", "RPLP.API\RPLP.API.csproj", "{422A4F55-0178-47C2-A797-EA5C7D3C1C46}"
EndProject
Project("{9A19103F-16F7-4668-BE54-9A1E7A4F7556}") = "RPLP.ENTITES", "RPLP.ENTITES\RPLP.ENTITES.csproj", "{41829EC4-3320-45A7-BC02-F6690BDF7A14}"
EndProject
Project("{9A19103F-16F7-4668-BE54-9A1E7A4F7556}") = "RPLP.SERVICES", "RPLP.SERVICES\RPLP.SERVICES.csproj", "{729F7302-A816-4D59-83D5-7FC4D1D687C5}"
EndProject
Project("{9A19103F-16F7-4668-BE54-9A1E7A4F7556}") = "RPLP.DAL.DTO", "RPLP.DAL.DTO\RPLP.DAL.DTO.csproj", "{04D22D6C-0200-4921-A82B-9D04E492EED4}"
EndProject
Project("{9A19103F-16F7-4668-BE54-9A1E7A4F7556}") = "RPLP.DAL.SQL", "RPLP.DAL.SQL\RPLP.DAL.SQL.csproj", "{C059106D-0A24-4763-AB56-CBED8BF6A0EA}"
EndProject
Project("{E53339B2-1760-4266-BCC7-CA923CBCF16C}") = "docker-compose", "docker-compose.dcproj", "{DB4EC079-9BA9-4747-91DE-2B4CD962EEE4}"
EndProject
Project("{9A19103F-16F7-4668-BE54-9A1E7A4F7556}") = "RPLP.UnitTesting", "RPLP.UnitTesting\RPLP.UnitTesting.csproj", "{7EA4E5C3-063D-4F8A-BB02-9D1F7AB653A1}"
EndProject
Project("{9A19103F-16F7-4668-BE54-9A1E7A4F7556}") = "RPLP.COHERENCECHECKER", "RPLP.COHERENCECHECKER\RPLP.COHERENCECHECKER.csproj", "{BD1BE29B-B3C3-47AF-A87C-9AAA2EB61A2F}"
EndProject
<<<<<<< Updated upstream
Project("{9A19103F-16F7-4668-BE54-9A1E7A4F7556}") = "RPLP.JOURNALISATION", "RPLP.JOURNALISATION\RPLP.JOURNALISATION.csproj", "{BED77EB1-1B3C-40CB-A157-D2401EBD1699}"
=======
Project("{9A19103F-16F7-4668-BE54-9A1E7A4F7556}") = "RPLP.JOURNALISATION", "RPLP.JOURNALISATION\RPLP.JOURNALISATION.csproj", "{22B092E5-2607-4DCE-B72B-F1201DA3EF23}"
>>>>>>> Stashed changes
EndProject
Global
	GlobalSection(SolutionConfigurationPlatforms) = preSolution
		Debug|Any CPU = Debug|Any CPU
		Release|Any CPU = Release|Any CPU
	EndGlobalSection
	GlobalSection(ProjectConfigurationPlatforms) = postSolution
		{DFDB9721-15D2-4FBF-BFA0-C8DB37843FD3}.Debug|Any CPU.ActiveCfg = Debug|Any CPU
		{DFDB9721-15D2-4FBF-BFA0-C8DB37843FD3}.Debug|Any CPU.Build.0 = Debug|Any CPU
		{DFDB9721-15D2-4FBF-BFA0-C8DB37843FD3}.Release|Any CPU.ActiveCfg = Release|Any CPU
		{DFDB9721-15D2-4FBF-BFA0-C8DB37843FD3}.Release|Any CPU.Build.0 = Release|Any CPU
		{422A4F55-0178-47C2-A797-EA5C7D3C1C46}.Debug|Any CPU.ActiveCfg = Debug|Any CPU
		{422A4F55-0178-47C2-A797-EA5C7D3C1C46}.Debug|Any CPU.Build.0 = Debug|Any CPU
		{422A4F55-0178-47C2-A797-EA5C7D3C1C46}.Release|Any CPU.ActiveCfg = Release|Any CPU
		{422A4F55-0178-47C2-A797-EA5C7D3C1C46}.Release|Any CPU.Build.0 = Release|Any CPU
		{41829EC4-3320-45A7-BC02-F6690BDF7A14}.Debug|Any CPU.ActiveCfg = Debug|Any CPU
		{41829EC4-3320-45A7-BC02-F6690BDF7A14}.Debug|Any CPU.Build.0 = Debug|Any CPU
		{41829EC4-3320-45A7-BC02-F6690BDF7A14}.Release|Any CPU.ActiveCfg = Release|Any CPU
		{41829EC4-3320-45A7-BC02-F6690BDF7A14}.Release|Any CPU.Build.0 = Release|Any CPU
		{729F7302-A816-4D59-83D5-7FC4D1D687C5}.Debug|Any CPU.ActiveCfg = Debug|Any CPU
		{729F7302-A816-4D59-83D5-7FC4D1D687C5}.Debug|Any CPU.Build.0 = Debug|Any CPU
		{729F7302-A816-4D59-83D5-7FC4D1D687C5}.Release|Any CPU.ActiveCfg = Release|Any CPU
		{729F7302-A816-4D59-83D5-7FC4D1D687C5}.Release|Any CPU.Build.0 = Release|Any CPU
		{04D22D6C-0200-4921-A82B-9D04E492EED4}.Debug|Any CPU.ActiveCfg = Debug|Any CPU
		{04D22D6C-0200-4921-A82B-9D04E492EED4}.Debug|Any CPU.Build.0 = Debug|Any CPU
		{04D22D6C-0200-4921-A82B-9D04E492EED4}.Release|Any CPU.ActiveCfg = Release|Any CPU
		{04D22D6C-0200-4921-A82B-9D04E492EED4}.Release|Any CPU.Build.0 = Release|Any CPU
		{C059106D-0A24-4763-AB56-CBED8BF6A0EA}.Debug|Any CPU.ActiveCfg = Debug|Any CPU
		{C059106D-0A24-4763-AB56-CBED8BF6A0EA}.Debug|Any CPU.Build.0 = Debug|Any CPU
		{C059106D-0A24-4763-AB56-CBED8BF6A0EA}.Release|Any CPU.ActiveCfg = Release|Any CPU
		{C059106D-0A24-4763-AB56-CBED8BF6A0EA}.Release|Any CPU.Build.0 = Release|Any CPU
		{DB4EC079-9BA9-4747-91DE-2B4CD962EEE4}.Debug|Any CPU.ActiveCfg = Debug|Any CPU
		{DB4EC079-9BA9-4747-91DE-2B4CD962EEE4}.Debug|Any CPU.Build.0 = Debug|Any CPU
		{DB4EC079-9BA9-4747-91DE-2B4CD962EEE4}.Release|Any CPU.ActiveCfg = Release|Any CPU
		{DB4EC079-9BA9-4747-91DE-2B4CD962EEE4}.Release|Any CPU.Build.0 = Release|Any CPU
		{7EA4E5C3-063D-4F8A-BB02-9D1F7AB653A1}.Debug|Any CPU.ActiveCfg = Debug|Any CPU
		{7EA4E5C3-063D-4F8A-BB02-9D1F7AB653A1}.Debug|Any CPU.Build.0 = Debug|Any CPU
		{7EA4E5C3-063D-4F8A-BB02-9D1F7AB653A1}.Release|Any CPU.ActiveCfg = Release|Any CPU
		{7EA4E5C3-063D-4F8A-BB02-9D1F7AB653A1}.Release|Any CPU.Build.0 = Release|Any CPU
		{BD1BE29B-B3C3-47AF-A87C-9AAA2EB61A2F}.Debug|Any CPU.ActiveCfg = Debug|Any CPU
		{BD1BE29B-B3C3-47AF-A87C-9AAA2EB61A2F}.Debug|Any CPU.Build.0 = Debug|Any CPU
		{BD1BE29B-B3C3-47AF-A87C-9AAA2EB61A2F}.Release|Any CPU.ActiveCfg = Release|Any CPU
		{BD1BE29B-B3C3-47AF-A87C-9AAA2EB61A2F}.Release|Any CPU.Build.0 = Release|Any CPU
<<<<<<< Updated upstream
		{BED77EB1-1B3C-40CB-A157-D2401EBD1699}.Debug|Any CPU.ActiveCfg = Debug|Any CPU
		{BED77EB1-1B3C-40CB-A157-D2401EBD1699}.Debug|Any CPU.Build.0 = Debug|Any CPU
		{BED77EB1-1B3C-40CB-A157-D2401EBD1699}.Release|Any CPU.ActiveCfg = Release|Any CPU
		{BED77EB1-1B3C-40CB-A157-D2401EBD1699}.Release|Any CPU.Build.0 = Release|Any CPU
=======
		{22B092E5-2607-4DCE-B72B-F1201DA3EF23}.Debug|Any CPU.ActiveCfg = Debug|Any CPU
		{22B092E5-2607-4DCE-B72B-F1201DA3EF23}.Debug|Any CPU.Build.0 = Debug|Any CPU
		{22B092E5-2607-4DCE-B72B-F1201DA3EF23}.Release|Any CPU.ActiveCfg = Release|Any CPU
		{22B092E5-2607-4DCE-B72B-F1201DA3EF23}.Release|Any CPU.Build.0 = Release|Any CPU
>>>>>>> Stashed changes
	EndGlobalSection
	GlobalSection(SolutionProperties) = preSolution
		HideSolutionNode = FALSE
	EndGlobalSection
	GlobalSection(ExtensibilityGlobals) = postSolution
		SolutionGuid = {B2D677D7-CD43-4C0C-9D40-5EF1BCA6A520}
	EndGlobalSection
EndGlobal
